
Microsoft Visual Studio Solution File, Format Version 12.00
# Visual Studio 15
VisualStudioVersion = 15.0.28307.329
MinimumVisualStudioVersion = 10.0.40219.1
Project("{FAE04EC0-301F-11D3-BF4B-00C04F79EFBC}") = "RPGv2", "RPGv2\RPGv2.csproj", "{2EC3F9FB-986D-4BB3-B452-F31F9C8389A1}"
EndProject
Global
	GlobalSection(SolutionConfigurationPlatforms) = preSolution
		Debug|Any CPU = Debug|Any CPU
		Release|Any CPU = Release|Any CPU
	EndGlobalSection
	GlobalSection(ProjectConfigurationPlatforms) = postSolution
		{2EC3F9FB-986D-4BB3-B452-F31F9C8389A1}.Debug|Any CPU.ActiveCfg = Debug|Any CPU
		{2EC3F9FB-986D-4BB3-B452-F31F9C8389A1}.Debug|Any CPU.Build.0 = Debug|Any CPU
		{2EC3F9FB-986D-4BB3-B452-F31F9C8389A1}.Release|Any CPU.ActiveCfg = Release|Any CPU
		{2EC3F9FB-986D-4BB3-B452-F31F9C8389A1}.Release|Any CPU.Build.0 = Release|Any CPU
	EndGlobalSection
	GlobalSection(SolutionProperties) = preSolution
		HideSolutionNode = FALSE
	EndGlobalSection
	GlobalSection(ExtensibilityGlobals) = postSolution
		SolutionGuid = {DCC82B98-C15C-48E0-AA13-6C65EEF607A2}
	EndGlobalSection
EndGlobal
